
Microsoft Visual Studio Solution File, Format Version 12.00
# Visual Studio Version 17
VisualStudioVersion = 17.8.34511.84
MinimumVisualStudioVersion = 10.0.40219.1
Project("{FAE04EC0-301F-11D3-BF4B-00C04F79EFBC}") = "SuperBiblioteca", "SuperBiblioteca.csproj", "{2BC7CF6D-F5F4-4F40-B445-C1737F6DB7C5}"
EndProject
Project("{FAE04EC0-301F-11D3-BF4B-00C04F79EFBC}") = "API_SuperBiblioteca.Data", "..\API_SuperBiblioteca.Data\API_SuperBiblioteca.Data.csproj", "{AE63002D-99BD-4238-BD45-9105C831E01F}"
EndProject
Project("{FAE04EC0-301F-11D3-BF4B-00C04F79EFBC}") = "API_SuperBiblioteca.DTOs", "..\API_SuperBiblioteca.DTOs\API_SuperBiblioteca.DTOs.csproj", "{EE1C2272-241A-4EC4-9279-D3E61685476A}"
EndProject
Project("{FAE04EC0-301F-11D3-BF4B-00C04F79EFBC}") = "API_SuperBiblioteca.Models", "..\API_SuperBiblioteca.Models\API_SuperBiblioteca.Models.csproj", "{42C0D0CC-3171-4FDE-A104-88BDE33019A4}"
EndProject
Global
	GlobalSection(SolutionConfigurationPlatforms) = preSolution
		Debug|Any CPU = Debug|Any CPU
		Release|Any CPU = Release|Any CPU
	EndGlobalSection
	GlobalSection(ProjectConfigurationPlatforms) = postSolution
		{2BC7CF6D-F5F4-4F40-B445-C1737F6DB7C5}.Debug|Any CPU.ActiveCfg = Debug|Any CPU
		{2BC7CF6D-F5F4-4F40-B445-C1737F6DB7C5}.Debug|Any CPU.Build.0 = Debug|Any CPU
		{2BC7CF6D-F5F4-4F40-B445-C1737F6DB7C5}.Release|Any CPU.ActiveCfg = Release|Any CPU
		{2BC7CF6D-F5F4-4F40-B445-C1737F6DB7C5}.Release|Any CPU.Build.0 = Release|Any CPU
		{AE63002D-99BD-4238-BD45-9105C831E01F}.Debug|Any CPU.ActiveCfg = Debug|Any CPU
		{AE63002D-99BD-4238-BD45-9105C831E01F}.Debug|Any CPU.Build.0 = Debug|Any CPU
		{AE63002D-99BD-4238-BD45-9105C831E01F}.Release|Any CPU.ActiveCfg = Release|Any CPU
		{AE63002D-99BD-4238-BD45-9105C831E01F}.Release|Any CPU.Build.0 = Release|Any CPU
		{EE1C2272-241A-4EC4-9279-D3E61685476A}.Debug|Any CPU.ActiveCfg = Debug|Any CPU
		{EE1C2272-241A-4EC4-9279-D3E61685476A}.Debug|Any CPU.Build.0 = Debug|Any CPU
		{EE1C2272-241A-4EC4-9279-D3E61685476A}.Release|Any CPU.ActiveCfg = Release|Any CPU
		{EE1C2272-241A-4EC4-9279-D3E61685476A}.Release|Any CPU.Build.0 = Release|Any CPU
		{42C0D0CC-3171-4FDE-A104-88BDE33019A4}.Debug|Any CPU.ActiveCfg = Debug|Any CPU
		{42C0D0CC-3171-4FDE-A104-88BDE33019A4}.Debug|Any CPU.Build.0 = Debug|Any CPU
		{42C0D0CC-3171-4FDE-A104-88BDE33019A4}.Release|Any CPU.ActiveCfg = Release|Any CPU
		{42C0D0CC-3171-4FDE-A104-88BDE33019A4}.Release|Any CPU.Build.0 = Release|Any CPU
	EndGlobalSection
	GlobalSection(SolutionProperties) = preSolution
		HideSolutionNode = FALSE
	EndGlobalSection
	GlobalSection(ExtensibilityGlobals) = postSolution
		SolutionGuid = {E8E4A7CB-B95E-44C8-B7C1-D4872184B24E}
	EndGlobalSection
EndGlobal
